
Microsoft Visual Studio Solution File, Format Version 12.00
# Visual Studio 15
VisualStudioVersion = 15.0.27703.2042
MinimumVisualStudioVersion = 10.0.40219.1
Project("{FAE04EC0-301F-11D3-BF4B-00C04F79EFBC}") = "Assembly-CSharp", "Assembly-CSharp.csproj", "{B010B9B2-333A-3A4D-4419-1DB370272C17}"
EndProject
Global
	GlobalSection(SolutionConfigurationPlatforms) = preSolution
		Debug|Any CPU = Debug|Any CPU
		Release|Any CPU = Release|Any CPU
	EndGlobalSection
	GlobalSection(ProjectConfigurationPlatforms) = postSolution
		{B010B9B2-333A-3A4D-4419-1DB370272C17}.Debug|Any CPU.ActiveCfg = Debug|Any CPU
		{B010B9B2-333A-3A4D-4419-1DB370272C17}.Debug|Any CPU.Build.0 = Debug|Any CPU
		{B010B9B2-333A-3A4D-4419-1DB370272C17}.Release|Any CPU.ActiveCfg = Release|Any CPU
		{B010B9B2-333A-3A4D-4419-1DB370272C17}.Release|Any CPU.Build.0 = Release|Any CPU
	EndGlobalSection
	GlobalSection(SolutionProperties) = preSolution
		HideSolutionNode = FALSE
	EndGlobalSection
	GlobalSection(ExtensibilityGlobals) = postSolution
		SolutionGuid = {5F0D6623-D145-45E0-928F-012F3AB36B2F}
	EndGlobalSection
EndGlobal
